// !$*UTF8*$!
{
	archiveVersion = 1;
	classes = {
	};
	objectVersion = 46;
	objects = {

/* Begin PBXBuildFile section */
		33C0E2B61A6FDBE100287EAD /* AppDelegate.swift in Sources */ = {isa = PBXBuildFile; fileRef = 33C0E2B51A6FDBE100287EAD /* AppDelegate.swift */; };
		33C0E2B81A6FDBE100287EAD /* ViewController.swift in Sources */ = {isa = PBXBuildFile; fileRef = 33C0E2B71A6FDBE100287EAD /* ViewController.swift */; };
		33C0E2BB1A6FDBE100287EAD /* Main.storyboard in Resources */ = {isa = PBXBuildFile; fileRef = 33C0E2B91A6FDBE100287EAD /* Main.storyboard */; };
		33C0E2BD1A6FDBE100287EAD /* Images.xcassets in Resources */ = {isa = PBXBuildFile; fileRef = 33C0E2BC1A6FDBE100287EAD /* Images.xcassets */; };
		33C0E2C01A6FDBE100287EAD /* LaunchScreen.xib in Resources */ = {isa = PBXBuildFile; fileRef = 33C0E2BE1A6FDBE100287EAD /* LaunchScreen.xib */; };
		33C0E2CC1A6FDBE100287EAD /* MapProjectAgainTests.swift in Sources */ = {isa = PBXBuildFile; fileRef = 33C0E2CB1A6FDBE100287EAD /* MapProjectAgainTests.swift */; };
/* End PBXBuildFile section */

/* Begin PBXContainerItemProxy section */
		33C0E2C61A6FDBE100287EAD /* PBXContainerItemProxy */ = {
			isa = PBXContainerItemProxy;
			containerPortal = 33C0E2A81A6FDBE100287EAD /* Project object */;
			proxyType = 1;
			remoteGlobalIDString = 33C0E2AF1A6FDBE100287EAD;
			remoteInfo = MapProjectAgain;
		};
/* End PBXContainerItemProxy section */

/* Begin PBXFileReference section */
		33C0E2B01A6FDBE100287EAD /* MapProjectAgain.app */ = {isa = PBXFileReference; explicitFileType = wrapper.application; includeInIndex = 0; path = MapProjectAgain.app; sourceTree = BUILT_PRODUCTS_DIR; };
		33C0E2B41A6FDBE100287EAD /* Info.plist */ = {isa = PBXFileReference; lastKnownFileType = text.plist.xml; path = Info.plist; sourceTree = "<group>"; };
		33C0E2B51A6FDBE100287EAD /* AppDelegate.swift */ = {isa = PBXFileReference; lastKnownFileType = sourcecode.swift; path = AppDelegate.swift; sourceTree = "<group>"; };
		33C0E2B71A6FDBE100287EAD /* ViewController.swift */ = {isa = PBXFileReference; lastKnownFileType = sourcecode.swift; path = ViewController.swift; sourceTree = "<group>"; };
		33C0E2BA1A6FDBE100287EAD /* Base */ = {isa = PBXFileReference; lastKnownFileType = file.storyboard; name = Base; path = Base.lproj/Main.storyboard; sourceTree = "<group>"; };
		33C0E2BC1A6FDBE100287EAD /* Images.xcassets */ = {isa = PBXFileReference; lastKnownFileType = folder.assetcatalog; path = Images.xcassets; sourceTree = "<group>"; };
		33C0E2BF1A6FDBE100287EAD /* Base */ = {isa = PBXFileReference; lastKnownFileType = file.xib; name = Base; path = Base.lproj/LaunchScreen.xib; sourceTree = "<group>"; };
		33C0E2C51A6FDBE100287EAD /* MapProjectAgainTests.xctest */ = {isa = PBXFileReference; explicitFileType = wrapper.cfbundle; includeInIndex = 0; path = MapProjectAgainTests.xctest; sourceTree = BUILT_PRODUCTS_DIR; };
		33C0E2CA1A6FDBE100287EAD /* Info.plist */ = {isa = PBXFileReference; lastKnownFileType = text.plist.xml; path = Info.plist; sourceTree = "<group>"; };
		33C0E2CB1A6FDBE100287EAD /* MapProjectAgainTests.swift */ = {isa = PBXFileReference; lastKnownFileType = sourcecode.swift; path = MapProjectAgainTests.swift; sourceTree = "<group>"; };
/* End PBXFileReference section */

/* Begin PBXFrameworksBuildPhase section */
		33C0E2AD1A6FDBE100287EAD /* Frameworks */ = {
			isa = PBXFrameworksBuildPhase;
			buildActionMask = 2147483647;
			files = (
			);
			runOnlyForDeploymentPostprocessing = 0;
		};
		33C0E2C21A6FDBE100287EAD /* Frameworks */ = {
			isa = PBXFrameworksBuildPhase;
			buildActionMask = 2147483647;
			files = (
			);
			runOnlyForDeploymentPostprocessing = 0;
		};
/* End PBXFrameworksBuildPhase section */

/* Begin PBXGroup section */
		33C0E2A71A6FDBE100287EAD = {
			isa = PBXGroup;
			children = (
				33C0E2B21A6FDBE100287EAD /* MapProjectAgain */,
				33C0E2C81A6FDBE100287EAD /* MapProjectAgainTests */,
				33C0E2B11A6FDBE100287EAD /* Products */,
			);
			sourceTree = "<group>";
		};
		33C0E2B11A6FDBE100287EAD /* Products */ = {
			isa = PBXGroup;
			children = (
				33C0E2B01A6FDBE100287EAD /* MapProjectAgain.app */,
				33C0E2C51A6FDBE100287EAD /* MapProjectAgainTests.xctest */,
			);
			name = Products;
			sourceTree = "<group>";
		};
		33C0E2B21A6FDBE100287EAD /* MapProjectAgain */ = {
			isa = PBXGroup;
			children = (
				33C0E2B51A6FDBE100287EAD /* AppDelegate.swift */,
				33C0E2B71A6FDBE100287EAD /* ViewController.swift */,
				33C0E2B91A6FDBE100287EAD /* Main.storyboard */,
				33C0E2BC1A6FDBE100287EAD /* Images.xcassets */,
				33C0E2BE1A6FDBE100287EAD /* LaunchScreen.xib */,
				33C0E2B31A6FDBE100287EAD /* Supporting Files */,
			);
			path = MapProjectAgain;
			sourceTree = "<group>";
		};
		33C0E2B31A6FDBE100287EAD /* Supporting Files */ = {
			isa = PBXGroup;
			children = (
				33C0E2B41A6FDBE100287EAD /* Info.plist */,
			);
			name = "Supporting Files";
			sourceTree = "<group>";
		};
		33C0E2C81A6FDBE100287EAD /* MapProjectAgainTests */ = {
			isa = PBXGroup;
			children = (
				33C0E2CB1A6FDBE100287EAD /* MapProjectAgainTests.swift */,
				33C0E2C91A6FDBE100287EAD /* Supporting Files */,
			);
			path = MapProjectAgainTests;
			sourceTree = "<group>";
		};
		33C0E2C91A6FDBE100287EAD /* Supporting Files */ = {
			isa = PBXGroup;
			children = (
				33C0E2CA1A6FDBE100287EAD /* Info.plist */,
			);
			name = "Supporting Files";
			sourceTree = "<group>";
		};
/* End PBXGroup section */

/* Begin PBXNativeTarget section */
		33C0E2AF1A6FDBE100287EAD /* MapProjectAgain */ = {
			isa = PBXNativeTarget;
			buildConfigurationList = 33C0E2CF1A6FDBE100287EAD /* Build configuration list for PBXNativeTarget "MapProjectAgain" */;
			buildPhases = (
				33C0E2AC1A6FDBE100287EAD /* Sources */,
				33C0E2AD1A6FDBE100287EAD /* Frameworks */,
				33C0E2AE1A6FDBE100287EAD /* Resources */,
			);
			buildRules = (
			);
			dependencies = (
			);
			name = MapProjectAgain;
			productName = MapProjectAgain;
			productReference = 33C0E2B01A6FDBE100287EAD /* MapProjectAgain.app */;
			productType = "com.apple.product-type.application";
		};
		33C0E2C41A6FDBE100287EAD /* MapProjectAgainTests */ = {
			isa = PBXNativeTarget;
			buildConfigurationList = 33C0E2D21A6FDBE100287EAD /* Build configuration list for PBXNativeTarget "MapProjectAgainTests" */;
			buildPhases = (
				33C0E2C11A6FDBE100287EAD /* Sources */,
				33C0E2C21A6FDBE100287EAD /* Frameworks */,
				33C0E2C31A6FDBE100287EAD /* Resources */,
			);
			buildRules = (
			);
			dependencies = (
				33C0E2C71A6FDBE100287EAD /* PBXTargetDependency */,
			);
			name = MapProjectAgainTests;
			productName = MapProjectAgainTests;
			productReference = 33C0E2C51A6FDBE100287EAD /* MapProjectAgainTests.xctest */;
			productType = "com.apple.product-type.bundle.unit-test";
		};
/* End PBXNativeTarget section */

/* Begin PBXProject section */
		33C0E2A81A6FDBE100287EAD /* Project object */ = {
			isa = PBXProject;
			attributes = {
				LastUpgradeCheck = 0610;
				ORGANIZATIONNAME = "Jason Scott";
				TargetAttributes = {
					33C0E2AF1A6FDBE100287EAD = {
						CreatedOnToolsVersion = 6.1.1;
					};
					33C0E2C41A6FDBE100287EAD = {
						CreatedOnToolsVersion = 6.1.1;
						TestTargetID = 33C0E2AF1A6FDBE100287EAD;
					};
				};
			};
			buildConfigurationList = 33C0E2AB1A6FDBE100287EAD /* Build configuration list for PBXProject "MapProjectAgain" */;
			compatibilityVersion = "Xcode 3.2";
			developmentRegion = English;
			hasScannedForEncodings = 0;
			knownRegions = (
				en,
				Base,
			);
			mainGroup = 33C0E2A71A6FDBE100287EAD;
			productRefGroup = 33C0E2B11A6FDBE100287EAD /* Products */;
			projectDirPath = "";
			projectRoot = "";
			targets = (
				33C0E2AF1A6FDBE100287EAD /* MapProjectAgain */,
				33C0E2C41A6FDBE100287EAD /* MapProjectAgainTests */,
			);
		};
/* End PBXProject section */

/* Begin PBXResourcesBuildPhase section */
		33C0E2AE1A6FDBE100287EAD /* Resources */ = {
			isa = PBXResourcesBuildPhase;
			buildActionMask = 2147483647;
			files = (
				33C0E2BB1A6FDBE100287EAD /* Main.storyboard in Resources */,
				33C0E2C01A6FDBE100287EAD /* LaunchScreen.xib in Resources */,
				33C0E2BD1A6FDBE100287EAD /* Images.xcassets in Resources */,
			);
			runOnlyForDeploymentPostprocessing = 0;
		};
		33C0E2C31A6FDBE100287EAD /* Resources */ = {
			isa = PBXResourcesBuildPhase;
			buildActionMask = 2147483647;
			files = (
			);
			runOnlyForDeploymentPostprocessing = 0;
		};
/* End PBXResourcesBuildPhase section */

/* Begin PBXSourcesBuildPhase section */
		33C0E2AC1A6FDBE100287EAD /* Sources */ = {
			isa = PBXSourcesBuildPhase;
			buildActionMask = 2147483647;
			files = (
				33C0E2B81A6FDBE100287EAD /* ViewController.swift in Sources */,
				33C0E2B61A6FDBE100287EAD /* AppDelegate.swift in Sources */,
			);
			runOnlyForDeploymentPostprocessing = 0;
		};
		33C0E2C11A6FDBE100287EAD /* Sources */ = {
			isa = PBXSourcesBuildPhase;
			buildActionMask = 2147483647;
			files = (
				33C0E2CC1A6FDBE100287EAD /* MapProjectAgainTests.swift in Sources */,
			);
			runOnlyForDeploymentPostprocessing = 0;
		};
/* End PBXSourcesBuildPhase section */

/* Begin PBXTargetDependency section */
		33C0E2C71A6FDBE100287EAD /* PBXTargetDependency */ = {
			isa = PBXTargetDependency;
			target = 33C0E2AF1A6FDBE100287EAD /* MapProjectAgain */;
			targetProxy = 33C0E2C61A6FDBE100287EAD /* PBXContainerItemProxy */;
		};
/* End PBXTargetDependency section */

/* Begin PBXVariantGroup section */
		33C0E2B91A6FDBE100287EAD /* Main.storyboard */ = {
			isa = PBXVariantGroup;
			children = (
				33C0E2BA1A6FDBE100287EAD /* Base */,
			);
			name = Main.storyboard;
			sourceTree = "<group>";
		};
		33C0E2BE1A6FDBE100287EAD /* LaunchScreen.xib */ = {
			isa = PBXVariantGroup;
			children = (
				33C0E2BF1A6FDBE100287EAD /* Base */,
			);
			name = LaunchScreen.xib;
			sourceTree = "<group>";
		};
/* End PBXVariantGroup section */

/* Begin XCBuildConfiguration section */
		33C0E2CD1A6FDBE100287EAD /* Debug */ = {
			isa = XCBuildConfiguration;
			buildSettings = {
				ALWAYS_SEARCH_USER_PATHS = NO;
				CLANG_CXX_LANGUAGE_STANDARD = "gnu++0x";
				CLANG_CXX_LIBRARY = "libc++";
				CLANG_ENABLE_MODULES = YES;
				CLANG_ENABLE_OBJC_ARC = YES;
				CLANG_WARN_BOOL_CONVERSION = YES;
				CLANG_WARN_CONSTANT_CONVERSION = YES;
				CLANG_WARN_DIRECT_OBJC_ISA_USAGE = YES_ERROR;
				CLANG_WARN_EMPTY_BODY = YES;
				CLANG_WARN_ENUM_CONVERSION = YES;
				CLANG_WARN_INT_CONVERSION = YES;
				CLANG_WARN_OBJC_ROOT_CLASS = YES_ERROR;
				CLANG_WARN_UNREACHABLE_CODE = YES;
				CLANG_WARN__DUPLICATE_METHOD_MATCH = YES;
				"CODE_SIGN_IDENTITY[sdk=iphoneos*]" = "iPhone Developer";
				COPY_PHASE_STRIP = NO;
				ENABLE_STRICT_OBJC_MSGSEND = YES;
				GCC_C_LANGUAGE_STANDARD = gnu99;
				GCC_DYNAMIC_NO_PIC = NO;
				GCC_OPTIMIZATION_LEVEL = 0;
				GCC_PREPROCESSOR_DEFINITIONS = (
					"DEBUG=1",
					"$(inherited)",
				);
				GCC_SYMBOLS_PRIVATE_EXTERN = NO;
				GCC_WARN_64_TO_32_BIT_CONVERSION = YES;
				GCC_WARN_ABOUT_RETURN_TYPE = YES_ERROR;
				GCC_WARN_UNDECLARED_SELECTOR = YES;
				GCC_WARN_UNINITIALIZED_AUTOS = YES_AGGRESSIVE;
				GCC_WARN_UNUSED_FUNCTION = YES;
				GCC_WARN_UNUSED_VARIABLE = YES;
				IPHONEOS_DEPLOYMENT_TARGET = 8.1;
				MTL_ENABLE_DEBUG_INFO = YES;
				ONLY_ACTIVE_ARCH = YES;
				SDKROOT = iphoneos;
				SWIFT_OPTIMIZATION_LEVEL = "-Onone";
				TARGETED_DEVICE_FAMILY = "1,2";
			};
			name = Debug;
		};
		33C0E2CE1A6FDBE100287EAD /* Release */ = {
			isa = XCBuildConfiguration;
			buildSettings = {
				ALWAYS_SEARCH_USER_PATHS = NO;
				CLANG_CXX_LANGUAGE_STANDARD = "gnu++0x";
				CLANG_CXX_LIBRARY = "libc++";
				CLANG_ENABLE_MODULES = YES;
				CLANG_ENABLE_OBJC_ARC = YES;
				CLANG_WARN_BOOL_CONVERSION = YES;
				CLANG_WARN_CONSTANT_CONVERSION = YES;
				CLANG_WARN_DIRECT_OBJC_ISA_USAGE = YES_ERROR;
				CLANG_WARN_EMPTY_BODY = YES;
				CLANG_WARN_ENUM_CONVERSION = YES;
				CLANG_WARN_INT_CONVERSION = YES;
				CLANG_WARN_OBJC_ROOT_CLASS = YES_ERROR;
				CLANG_WARN_UNREACHABLE_CODE = YES;
				CLANG_WARN__DUPLICATE_METHOD_MATCH = YES;
				"CODE_SIGN_IDENTITY[sdk=iphoneos*]" = "iPhone Developer";
				COPY_PHASE_STRIP = YES;
				ENABLE_NS_ASSERTIONS = NO;
				ENABLE_STRICT_OBJC_MSGSEND = YES;
				GCC_C_LANGUAGE_STANDARD = gnu99;
				GCC_WARN_64_TO_32_BIT_CONVERSION = YES;
				GCC_WARN_ABOUT_RETURN_TYPE = YES_ERROR;
				GCC_WARN_UNDECLARED_SELECTOR = YES;
				GCC_WARN_UNINITIALIZED_AUTOS = YES_AGGRESSIVE;
				GCC_WARN_UNUSED_FUNCTION = YES;
				GCC_WARN_UNUSED_VARIABLE = YES;
				IPHONEOS_DEPLOYMENT_TARGET = 8.1;
				MTL_ENABLE_DEBUG_INFO = NO;
				SDKROOT = iphoneos;
				TARGETED_DEVICE_FAMILY = "1,2";
				VALIDATE_PRODUCT = YES;
			};
			name = Release;
		};
		33C0E2D01A6FDBE100287EAD /* Debug */ = {
			isa = XCBuildConfiguration;
			buildSettings = {
				ASSETCATALOG_COMPILER_APPICON_NAME = AppIcon;
				INFOPLIST_FILE = MapProjectAgain/Info.plist;
				LD_RUNPATH_SEARCH_PATHS = "$(inherited) @executable_path/Frameworks";
				PRODUCT_NAME = "$(TARGET_NAME)";
			};
			name = Debug;
		};
		33C0E2D11A6FDBE100287EAD /* Release */ = {
			isa = XCBuildConfiguration;
			buildSettings = {
				ASSETCATALOG_COMPILER_APPICON_NAME = AppIcon;
				INFOPLIST_FILE = MapProjectAgain/Info.plist;
				LD_RUNPATH_SEARCH_PATHS = "$(inherited) @executable_path/Frameworks";
				PRODUCT_NAME = "$(TARGET_NAME)";
			};
			name = Release;
		};
		33C0E2D31A6FDBE100287EAD /* Debug */ = {
			isa = XCBuildConfiguration;
			buildSettings = {
				BUNDLE_LOADER = "$(TEST_HOST)";
				FRAMEWORK_SEARCH_PATHS = (
					"$(SDKROOT)/Developer/Library/Frameworks",
					"$(inherited)",
				);
				GCC_PREPROCESSOR_DEFINITIONS = (
					"DEBUG=1",
					"$(inherited)",
				);
				INFOPLIST_FILE = MapProjectAgainTests/Info.plist;
				LD_RUNPATH_SEARCH_PATHS = "$(inherited) @executable_path/Frameworks @loader_path/Frameworks";
				PRODUCT_NAME = "$(TARGET_NAME)";
				TEST_HOST = "$(BUILT_PRODUCTS_DIR)/MapProjectAgain.app/MapProjectAgain";
			};
			name = Debug;
		};
		33C0E2D41A6FDBE100287EAD /* Release */ = {
			isa = XCBuildConfiguration;
			buildSettings = {
				BUNDLE_LOADER = "$(TEST_HOST)";
				FRAMEWORK_SEARCH_PATHS = (
					"$(SDKROOT)/Developer/Library/Frameworks",
					"$(inherited)",
				);
				INFOPLIST_FILE = MapProjectAgainTests/Info.plist;
				LD_RUNPATH_SEARCH_PATHS = "$(inherited) @executable_path/Frameworks @loader_path/Frameworks";
				PRODUCT_NAME = "$(TARGET_NAME)";
				TEST_HOST = "$(BUILT_PRODUCTS_DIR)/MapProjectAgain.app/MapProjectAgain";
			};
			name = Release;
		};
/* End XCBuildConfiguration section */

/* Begin XCConfigurationList section */
		33C0E2AB1A6FDBE100287EAD /* Build configuration list for PBXProject "MapProjectAgain" */ = {
			isa = XCConfigurationList;
			buildConfigurations = (
				33C0E2CD1A6FDBE100287EAD /* Debug */,
				33C0E2CE1A6FDBE100287EAD /* Release */,
			);
			defaultConfigurationIsVisible = 0;
			defaultConfigurationName = Release;
		};
		33C0E2CF1A6FDBE100287EAD /* Build configuration list for PBXNativeTarget "MapProjectAgain" */ = {
			isa = XCConfigurationList;
			buildConfigurations = (
				33C0E2D01A6FDBE100287EAD /* Debug */,
				33C0E2D11A6FDBE100287EAD /* Release */,
			);
			defaultConfigurationIsVisible = 0;
		};
		33C0E2D21A6FDBE100287EAD /* Build configuration list for PBXNativeTarget "MapProjectAgainTests" */ = {
			isa = XCConfigurationList;
			buildConfigurations = (
				33C0E2D31A6FDBE100287EAD /* Debug */,
				33C0E2D41A6FDBE100287EAD /* Release */,
			);
			defaultConfigurationIsVisible = 0;
		};
/* End XCConfigurationList section */
	};
	rootObject = 33C0E2A81A6FDBE100287EAD /* Project object */;
}
